
Microsoft Visual Studio Solution File, Format Version 12.00
# Visual Studio Version 16
VisualStudioVersion = 16.0.31005.135
MinimumVisualStudioVersion = 10.0.40219.1
Project("{FAE04EC0-301F-11D3-BF4B-00C04F79EFBC}") = "Course1", "Course1\Course1.csproj", "{7A735F3F-F5AD-4B90-BA04-86F7C6BAF5EA}"
EndProject
Global
	GlobalSection(SolutionConfigurationPlatforms) = preSolution
		Debug|Any CPU = Debug|Any CPU
		Release|Any CPU = Release|Any CPU
	EndGlobalSection
	GlobalSection(ProjectConfigurationPlatforms) = postSolution
		{7A735F3F-F5AD-4B90-BA04-86F7C6BAF5EA}.Debug|Any CPU.ActiveCfg = Debug|Any CPU
		{7A735F3F-F5AD-4B90-BA04-86F7C6BAF5EA}.Debug|Any CPU.Build.0 = Debug|Any CPU
		{7A735F3F-F5AD-4B90-BA04-86F7C6BAF5EA}.Release|Any CPU.ActiveCfg = Release|Any CPU
		{7A735F3F-F5AD-4B90-BA04-86F7C6BAF5EA}.Release|Any CPU.Build.0 = Release|Any CPU
	EndGlobalSection
	GlobalSection(SolutionProperties) = preSolution
		HideSolutionNode = FALSE
	EndGlobalSection
	GlobalSection(ExtensibilityGlobals) = postSolution
		SolutionGuid = {782434DE-02D0-403C-AD89-C784FB1A6690}
	EndGlobalSection
EndGlobal
